# This file is automatically @generated by pesde.
# It is not intended for manual editing.
format = 2
name = "word30210_rpe/root"
version = "0.0.1"
target = "roblox"

[workspace."word30210_rpe/assets"]
roblox = "packages/assets"

[workspace."word30210_rpe/main"]
roblox = "places/main"

[workspace."word30210_rpe/scripts"]
luau = "scripts"
